// !$*UTF8*$!
{
	archiveVersion = 1;
	classes = {
	};
	objectVersion = 56;
	objects = {

/* Begin PBXBuildFile section */
		AA73FFBF2AA748430011513D /* main.cpp in Sources */ = {isa = PBXBuildFile; fileRef = AA73FFBE2AA748430011513D /* main.cpp */; };
		AA73FFC72AA74AB20011513D /* Point.cpp in Sources */ = {isa = PBXBuildFile; fileRef = AA73FFC52AA74AB20011513D /* Point.cpp */; };
		AA73FFCA2AA74BD20011513D /* Function.cpp in Sources */ = {isa = PBXBuildFile; fileRef = AA73FFC82AA74BD20011513D /* Function.cpp */; };
		AA73FFCD2AA74CCC0011513D /* Polynomial.cpp in Sources */ = {isa = PBXBuildFile; fileRef = AA73FFCB2AA74CCC0011513D /* Polynomial.cpp */; };
/* End PBXBuildFile section */

/* Begin PBXCopyFilesBuildPhase section */
		AA73FFB92AA748430011513D /* CopyFiles */ = {
			isa = PBXCopyFilesBuildPhase;
			buildActionMask = 2147483647;
			dstPath = /usr/share/man/man1/;
			dstSubfolderSpec = 0;
			files = (
			);
			runOnlyForDeploymentPostprocessing = 1;
		};
/* End PBXCopyFilesBuildPhase section */

/* Begin PBXFileReference section */
		AA5887222AB5E1D500DBCABA /* aproxPoints.txt */ = {isa = PBXFileReference; lastKnownFileType = text; path = aproxPoints.txt; sourceTree = "<group>"; };
		AA5887232AB5E1D500DBCABA /* realPoints.txt */ = {isa = PBXFileReference; lastKnownFileType = text; path = realPoints.txt; sourceTree = "<group>"; };
		AA5887242AB5E26800DBCABA /* paint.gnu */ = {isa = PBXFileReference; lastKnownFileType = text; path = paint.gnu; sourceTree = "<group>"; };
		AA5887252AB5E35C00DBCABA /* nodesPoints.txt */ = {isa = PBXFileReference; lastKnownFileType = text; path = nodesPoints.txt; sourceTree = "<group>"; };
		AA73FFBB2AA748430011513D /* 1.25_kubic_Acima_estestv_gnaich_usl_Peresdacha */ = {isa = PBXFileReference; explicitFileType = "compiled.mach-o.executable"; includeInIndex = 0; path = 1.25_kubic_Acima_estestv_gnaich_usl_Peresdacha; sourceTree = BUILT_PRODUCTS_DIR; };
		AA73FFBE2AA748430011513D /* main.cpp */ = {isa = PBXFileReference; lastKnownFileType = sourcecode.cpp.cpp; path = main.cpp; sourceTree = "<group>"; };
		AA73FFC52AA74AB20011513D /* Point.cpp */ = {isa = PBXFileReference; lastKnownFileType = sourcecode.cpp.cpp; path = Point.cpp; sourceTree = "<group>"; };
		AA73FFC62AA74AB20011513D /* Point.hpp */ = {isa = PBXFileReference; lastKnownFileType = sourcecode.cpp.h; path = Point.hpp; sourceTree = "<group>"; };
		AA73FFC82AA74BD20011513D /* Function.cpp */ = {isa = PBXFileReference; lastKnownFileType = sourcecode.cpp.cpp; path = Function.cpp; sourceTree = "<group>"; };
		AA73FFC92AA74BD20011513D /* Function.hpp */ = {isa = PBXFileReference; lastKnownFileType = sourcecode.cpp.h; path = Function.hpp; sourceTree = "<group>"; };
		AA73FFCB2AA74CCC0011513D /* Polynomial.cpp */ = {isa = PBXFileReference; lastKnownFileType = sourcecode.cpp.cpp; path = Polynomial.cpp; sourceTree = "<group>"; };
		AA73FFCC2AA74CCC0011513D /* Polynomial.hpp */ = {isa = PBXFileReference; lastKnownFileType = sourcecode.cpp.h; path = Polynomial.hpp; sourceTree = "<group>"; };
/* End PBXFileReference section */

/* Begin PBXFrameworksBuildPhase section */
		AA73FFB82AA748430011513D /* Frameworks */ = {
			isa = PBXFrameworksBuildPhase;
			buildActionMask = 2147483647;
			files = (
			);
			runOnlyForDeploymentPostprocessing = 0;
		};
/* End PBXFrameworksBuildPhase section */

/* Begin PBXGroup section */
		AA73FFB22AA748430011513D = {
			isa = PBXGroup;
			children = (
				AA73FFBD2AA748430011513D /* 1.25_kubic_Acima_estestv_gnaich_usl_Peresdacha */,
				AA73FFBC2AA748430011513D /* Products */,
			);
			sourceTree = "<group>";
		};
		AA73FFBC2AA748430011513D /* Products */ = {
			isa = PBXGroup;
			children = (
				AA73FFBB2AA748430011513D /* 1.25_kubic_Acima_estestv_gnaich_usl_Peresdacha */,
			);
			name = Products;
			sourceTree = "<group>";
		};
		AA73FFBD2AA748430011513D /* 1.25_kubic_Acima_estestv_gnaich_usl_Peresdacha */ = {
			isa = PBXGroup;
			children = (
				AA73FFC82AA74BD20011513D /* Function.cpp */,
				AA73FFC92AA74BD20011513D /* Function.hpp */,
				AA73FFC52AA74AB20011513D /* Point.cpp */,
				AA73FFC62AA74AB20011513D /* Point.hpp */,
				AA73FFCB2AA74CCC0011513D /* Polynomial.cpp */,
				AA73FFCC2AA74CCC0011513D /* Polynomial.hpp */,
				AA73FFBE2AA748430011513D /* main.cpp */,
				AA5887222AB5E1D500DBCABA /* aproxPoints.txt */,
				AA5887232AB5E1D500DBCABA /* realPoints.txt */,
				AA5887252AB5E35C00DBCABA /* nodesPoints.txt */,
				AA5887242AB5E26800DBCABA /* paint.gnu */,
			);
			path = 1.25_kubic_Acima_estestv_gnaich_usl_Peresdacha;
			sourceTree = "<group>";
		};
/* End PBXGroup section */

/* Begin PBXNativeTarget section */
		AA73FFBA2AA748430011513D /* 1.25_kubic_Acima_estestv_gnaich_usl_Peresdacha */ = {
			isa = PBXNativeTarget;
			buildConfigurationList = AA73FFC22AA748430011513D /* Build configuration list for PBXNativeTarget "1.25_kubic_Acima_estestv_gnaich_usl_Peresdacha" */;
			buildPhases = (
				AA73FFB72AA748430011513D /* Sources */,
				AA73FFB82AA748430011513D /* Frameworks */,
				AA73FFB92AA748430011513D /* CopyFiles */,
			);
			buildRules = (
			);
			dependencies = (
			);
			name = 1.25_kubic_Acima_estestv_gnaich_usl_Peresdacha;
			productName = 1.25_kubic_Acima_estestv_gnaich_usl_Peresdacha;
			productReference = AA73FFBB2AA748430011513D /* 1.25_kubic_Acima_estestv_gnaich_usl_Peresdacha */;
			productType = "com.apple.product-type.tool";
		};
/* End PBXNativeTarget section */

/* Begin PBXProject section */
		AA73FFB32AA748430011513D /* Project object */ = {
			isa = PBXProject;
			attributes = {
				BuildIndependentTargetsInParallel = 1;
				LastUpgradeCheck = 1430;
				TargetAttributes = {
					AA73FFBA2AA748430011513D = {
						CreatedOnToolsVersion = 14.3.1;
					};
				};
			};
			buildConfigurationList = AA73FFB62AA748430011513D /* Build configuration list for PBXProject "1.25_kubic_Acima_estestv_gnaich_usl_Peresdacha" */;
			compatibilityVersion = "Xcode 14.0";
			developmentRegion = en;
			hasScannedForEncodings = 0;
			knownRegions = (
				en,
				Base,
			);
			mainGroup = AA73FFB22AA748430011513D;
			productRefGroup = AA73FFBC2AA748430011513D /* Products */;
			projectDirPath = "";
			projectRoot = "";
			targets = (
				AA73FFBA2AA748430011513D /* 1.25_kubic_Acima_estestv_gnaich_usl_Peresdacha */,
			);
		};
/* End PBXProject section */

/* Begin PBXSourcesBuildPhase section */
		AA73FFB72AA748430011513D /* Sources */ = {
			isa = PBXSourcesBuildPhase;
			buildActionMask = 2147483647;
			files = (
				AA73FFC72AA74AB20011513D /* Point.cpp in Sources */,
				AA73FFCA2AA74BD20011513D /* Function.cpp in Sources */,
				AA73FFBF2AA748430011513D /* main.cpp in Sources */,
				AA73FFCD2AA74CCC0011513D /* Polynomial.cpp in Sources */,
			);
			runOnlyForDeploymentPostprocessing = 0;
		};
/* End PBXSourcesBuildPhase section */

/* Begin XCBuildConfiguration section */
		AA73FFC02AA748430011513D /* Debug */ = {
			isa = XCBuildConfiguration;
			buildSettings = {
				ALWAYS_SEARCH_USER_PATHS = NO;
				CLANG_ANALYZER_NONNULL = YES;
				CLANG_ANALYZER_NUMBER_OBJECT_CONVERSION = YES_AGGRESSIVE;
				CLANG_CXX_LANGUAGE_STANDARD = "gnu++20";
				CLANG_ENABLE_MODULES = YES;
				CLANG_ENABLE_OBJC_ARC = YES;
				CLANG_ENABLE_OBJC_WEAK = YES;
				CLANG_WARN_BLOCK_CAPTURE_AUTORELEASING = YES;
				CLANG_WARN_BOOL_CONVERSION = YES;
				CLANG_WARN_COMMA = YES;
				CLANG_WARN_CONSTANT_CONVERSION = YES;
				CLANG_WARN_DEPRECATED_OBJC_IMPLEMENTATIONS = YES;
				CLANG_WARN_DIRECT_OBJC_ISA_USAGE = YES_ERROR;
				CLANG_WARN_DOCUMENTATION_COMMENTS = YES;
				CLANG_WARN_EMPTY_BODY = YES;
				CLANG_WARN_ENUM_CONVERSION = YES;
				CLANG_WARN_INFINITE_RECURSION = YES;
				CLANG_WARN_INT_CONVERSION = YES;
				CLANG_WARN_NON_LITERAL_NULL_CONVERSION = YES;
				CLANG_WARN_OBJC_IMPLICIT_RETAIN_SELF = YES;
				CLANG_WARN_OBJC_LITERAL_CONVERSION = YES;
				CLANG_WARN_OBJC_ROOT_CLASS = YES_ERROR;
				CLANG_WARN_QUOTED_INCLUDE_IN_FRAMEWORK_HEADER = YES;
				CLANG_WARN_RANGE_LOOP_ANALYSIS = YES;
				CLANG_WARN_STRICT_PROTOTYPES = YES;
				CLANG_WARN_SUSPICIOUS_MOVE = YES;
				CLANG_WARN_UNGUARDED_AVAILABILITY = YES_AGGRESSIVE;
				CLANG_WARN_UNREACHABLE_CODE = YES;
				CLANG_WARN__DUPLICATE_METHOD_MATCH = YES;
				COPY_PHASE_STRIP = NO;
				DEBUG_INFORMATION_FORMAT = dwarf;
				ENABLE_STRICT_OBJC_MSGSEND = YES;
				ENABLE_TESTABILITY = YES;
				GCC_C_LANGUAGE_STANDARD = gnu11;
				GCC_DYNAMIC_NO_PIC = NO;
				GCC_NO_COMMON_BLOCKS = YES;
				GCC_OPTIMIZATION_LEVEL = 0;
				GCC_PREPROCESSOR_DEFINITIONS = (
					"DEBUG=1",
					"$(inherited)",
				);
				GCC_WARN_64_TO_32_BIT_CONVERSION = YES;
				GCC_WARN_ABOUT_RETURN_TYPE = YES_ERROR;
				GCC_WARN_UNDECLARED_SELECTOR = YES;
				GCC_WARN_UNINITIALIZED_AUTOS = YES_AGGRESSIVE;
				GCC_WARN_UNUSED_FUNCTION = YES;
				GCC_WARN_UNUSED_VARIABLE = YES;
				MACOSX_DEPLOYMENT_TARGET = 13.3;
				MTL_ENABLE_DEBUG_INFO = INCLUDE_SOURCE;
				MTL_FAST_MATH = YES;
				ONLY_ACTIVE_ARCH = YES;
				SDKROOT = macosx;
			};
			name = Debug;
		};
		AA73FFC12AA748430011513D /* Release */ = {
			isa = XCBuildConfiguration;
			buildSettings = {
				ALWAYS_SEARCH_USER_PATHS = NO;
				CLANG_ANALYZER_NONNULL = YES;
				CLANG_ANALYZER_NUMBER_OBJECT_CONVERSION = YES_AGGRESSIVE;
				CLANG_CXX_LANGUAGE_STANDARD = "gnu++20";
				CLANG_ENABLE_MODULES = YES;
				CLANG_ENABLE_OBJC_ARC = YES;
				CLANG_ENABLE_OBJC_WEAK = YES;
				CLANG_WARN_BLOCK_CAPTURE_AUTORELEASING = YES;
				CLANG_WARN_BOOL_CONVERSION = YES;
				CLANG_WARN_COMMA = YES;
				CLANG_WARN_CONSTANT_CONVERSION = YES;
				CLANG_WARN_DEPRECATED_OBJC_IMPLEMENTATIONS = YES;
				CLANG_WARN_DIRECT_OBJC_ISA_USAGE = YES_ERROR;
				CLANG_WARN_DOCUMENTATION_COMMENTS = YES;
				CLANG_WARN_EMPTY_BODY = YES;
				CLANG_WARN_ENUM_CONVERSION = YES;
				CLANG_WARN_INFINITE_RECURSION = YES;
				CLANG_WARN_INT_CONVERSION = YES;
				CLANG_WARN_NON_LITERAL_NULL_CONVERSION = YES;
				CLANG_WARN_OBJC_IMPLICIT_RETAIN_SELF = YES;
				CLANG_WARN_OBJC_LITERAL_CONVERSION = YES;
				CLANG_WARN_OBJC_ROOT_CLASS = YES_ERROR;
				CLANG_WARN_QUOTED_INCLUDE_IN_FRAMEWORK_HEADER = YES;
				CLANG_WARN_RANGE_LOOP_ANALYSIS = YES;
				CLANG_WARN_STRICT_PROTOTYPES = YES;
				CLANG_WARN_SUSPICIOUS_MOVE = YES;
				CLANG_WARN_UNGUARDED_AVAILABILITY = YES_AGGRESSIVE;
				CLANG_WARN_UNREACHABLE_CODE = YES;
				CLANG_WARN__DUPLICATE_METHOD_MATCH = YES;
				COPY_PHASE_STRIP = NO;
				DEBUG_INFORMATION_FORMAT = "dwarf-with-dsym";
				ENABLE_NS_ASSERTIONS = NO;
				ENABLE_STRICT_OBJC_MSGSEND = YES;
				GCC_C_LANGUAGE_STANDARD = gnu11;
				GCC_NO_COMMON_BLOCKS = YES;
				GCC_WARN_64_TO_32_BIT_CONVERSION = YES;
				GCC_WARN_ABOUT_RETURN_TYPE = YES_ERROR;
				GCC_WARN_UNDECLARED_SELECTOR = YES;
				GCC_WARN_UNINITIALIZED_AUTOS = YES_AGGRESSIVE;
				GCC_WARN_UNUSED_FUNCTION = YES;
				GCC_WARN_UNUSED_VARIABLE = YES;
				MACOSX_DEPLOYMENT_TARGET = 13.3;
				MTL_ENABLE_DEBUG_INFO = NO;
				MTL_FAST_MATH = YES;
				SDKROOT = macosx;
			};
			name = Release;
		};
		AA73FFC32AA748430011513D /* Debug */ = {
			isa = XCBuildConfiguration;
			buildSettings = {
				CODE_SIGN_STYLE = Automatic;
				PRODUCT_NAME = "$(TARGET_NAME)";
			};
			name = Debug;
		};
		AA73FFC42AA748430011513D /* Release */ = {
			isa = XCBuildConfiguration;
			buildSettings = {
				CODE_SIGN_STYLE = Automatic;
				PRODUCT_NAME = "$(TARGET_NAME)";
			};
			name = Release;
		};
/* End XCBuildConfiguration section */

/* Begin XCConfigurationList section */
		AA73FFB62AA748430011513D /* Build configuration list for PBXProject "1.25_kubic_Acima_estestv_gnaich_usl_Peresdacha" */ = {
			isa = XCConfigurationList;
			buildConfigurations = (
				AA73FFC02AA748430011513D /* Debug */,
				AA73FFC12AA748430011513D /* Release */,
			);
			defaultConfigurationIsVisible = 0;
			defaultConfigurationName = Release;
		};
		AA73FFC22AA748430011513D /* Build configuration list for PBXNativeTarget "1.25_kubic_Acima_estestv_gnaich_usl_Peresdacha" */ = {
			isa = XCConfigurationList;
			buildConfigurations = (
				AA73FFC32AA748430011513D /* Debug */,
				AA73FFC42AA748430011513D /* Release */,
			);
			defaultConfigurationIsVisible = 0;
			defaultConfigurationName = Release;
		};
/* End XCConfigurationList section */
	};
	rootObject = AA73FFB32AA748430011513D /* Project object */;
}
